
Microsoft Visual Studio Solution File, Format Version 12.00
# Visual Studio Version 16
VisualStudioVersion = 16.0.31402.337
MinimumVisualStudioVersion = 10.0.40219.1
Project("{9A19103F-16F7-4668-BE54-9A1E7A4F7556}") = "Mc2.Image.Recognition.NetStandard.Tests", "Mc2.Image.Recognition.NetStandard.Tests\Mc2.Image.Recognition.NetStandard.Tests.csproj", "{41B7E0FE-75A9-49AD-B3FC-4E55D7C9A299}"
EndProject
Project("{FAE04EC0-301F-11D3-BF4B-00C04F79EFBC}") = "Mc2.Image.Recognition.NetStandard", "Mc2.Image.Recognition.NetStandard\Mc2.Image.Recognition.NetStandard.csproj", "{F86B558A-CC3D-4A15-B78B-D884D51543CC}"
EndProject
Project("{2150E333-8FDC-42A3-9474-1A3956D46DE8}") = "Solution Items", "Solution Items", "{15DA5EB8-21D2-4833-BA61-812AE1149C57}"
	ProjectSection(SolutionItems) = preProject
		.gitignore = .gitignore
		Mc2.Image.Recognition.NetStandard.png = Mc2.Image.Recognition.NetStandard.png
		Mc2.Image.Recognition.NetStandard.psd = Mc2.Image.Recognition.NetStandard.psd
		README.md = README.md
	EndProjectSection
EndProject
Global
	GlobalSection(SolutionConfigurationPlatforms) = preSolution
		Debug|Any CPU = Debug|Any CPU
		Release|Any CPU = Release|Any CPU
	EndGlobalSection
	GlobalSection(ProjectConfigurationPlatforms) = postSolution
		{41B7E0FE-75A9-49AD-B3FC-4E55D7C9A299}.Debug|Any CPU.ActiveCfg = Debug|Any CPU
		{41B7E0FE-75A9-49AD-B3FC-4E55D7C9A299}.Debug|Any CPU.Build.0 = Debug|Any CPU
		{41B7E0FE-75A9-49AD-B3FC-4E55D7C9A299}.Release|Any CPU.ActiveCfg = Release|Any CPU
		{41B7E0FE-75A9-49AD-B3FC-4E55D7C9A299}.Release|Any CPU.Build.0 = Release|Any CPU
		{F86B558A-CC3D-4A15-B78B-D884D51543CC}.Debug|Any CPU.ActiveCfg = Debug|Any CPU
		{F86B558A-CC3D-4A15-B78B-D884D51543CC}.Debug|Any CPU.Build.0 = Debug|Any CPU
		{F86B558A-CC3D-4A15-B78B-D884D51543CC}.Release|Any CPU.ActiveCfg = Release|Any CPU
		{F86B558A-CC3D-4A15-B78B-D884D51543CC}.Release|Any CPU.Build.0 = Release|Any CPU
	EndGlobalSection
	GlobalSection(SolutionProperties) = preSolution
		HideSolutionNode = FALSE
	EndGlobalSection
	GlobalSection(ExtensibilityGlobals) = postSolution
		SolutionGuid = {DAAAFF50-ABF3-4DBB-A588-BEFA59DB3EA7}
	EndGlobalSection
EndGlobal
